<?xml version="1.0" encoding="utf-8"?>
<Project ToolsVersion="4.0" xmlns="http://schemas.microsoft.com/developer/msbuild/2003">
  <ItemGroup>
    <Filter Include="Header Files">
      <UniqueIdentifier>{93995380-89BD-4b04-88EB-625FBE52EBFB}</UniqueIdentifier>
      <Extensions>h;hh;hpp;hxx;h++;hm;inl;inc;ipp;xsd</Extensions>
    </Filter>
    <Filter Include="Resource Files">
      <UniqueIdentifier>{67DA6AB6-F800-4c08-8B7A-83BB121AAD01}</UniqueIdentifier>
      <Extensions>rc;ico;cur;bmp;dlg;rc2;rct;bin;rgs;gif;jpg;jpeg;jpe;resx;tiff;tif;png;wav;mfcribbon-ms</Extensions>
    </Filter>
  </ItemGroup>
  <ItemGroup>
    <ClInclude Include="resource.h">
      <Filter>Header Files</Filter>
    </ClInclude>
    <ClInclude Include="include\3DTexture.h">
      <Filter>Header Files</Filter>
    </ClInclude>
    <ClInclude Include="include\AlQibliMosqueDrawer.h">
      <Filter>Header Files</Filter>
    </ClInclude>
    <ClInclude Include="include\Box.h">
      <Filter>Header Files</Filter>
    </ClInclude>
    <ClInclude Include="include\Camera.h">
      <Filter>Header Files</Filter>
    </ClInclude>
    <ClInclude Include="include\Color.h">
      <Filter>Header Files</Filter>
    </ClInclude>
    <ClInclude Include="include\Console.h">
      <Filter>Header Files</Filter>
    </ClInclude>
    <ClInclude Include="include\Constants.h">
      <Filter>Header Files</Filter>
    </ClInclude>
    <ClInclude Include="include\Constraints.h">
      <Filter>Header Files</Filter>
    </ClInclude>
    <ClInclude Include="include\Cylinder.h">
      <Filter>Header Files</Filter>
    </ClInclude>
    <ClInclude Include="include\DomeOfTheRock.h">
      <Filter>Header Files</Filter>
    </ClInclude>
    <ClInclude Include="include\EnvDrawer.h">
      <Filter>Header Files</Filter>
    </ClInclude>
    <ClInclude Include="include\math3d.h">
      <Filter>Header Files</Filter>
    </ClInclude>
    <ClInclude Include="include\Model_3DS.h">
      <Filter>Header Files</Filter>
    </ClInclude>
    <ClInclude Include="include\MosqueDrawer.h">
      <Filter>Header Files</Filter>
    </ClInclude>
    <ClInclude Include="include\PersonDrawer.h">
      <Filter>Header Files</Filter>
    </ClInclude>
    <ClInclude Include="include\Point.h">
      <Filter>Header Files</Filter>
    </ClInclude>
    <ClInclude Include="include\PrimitiveDrawer.h">
      <Filter>Header Files</Filter>
    </ClInclude>
    <ClInclude Include="include\Sound.h">
      <Filter>Header Files</Filter>
    </ClInclude>
    <ClInclude Include="include\Sphere.h">
      <Filter>Header Files</Filter>
    </ClInclude>
    <ClInclude Include="include\StdAfx.h">
      <Filter>Header Files</Filter>
    </ClInclude>
    <ClInclude Include="include\Texture.h">
      <Filter>Header Files</Filter>
    </ClInclude>
    <ClInclude Include="include\Wave.h">
      <Filter>Header Files</Filter>
    </ClInclude>
  </ItemGroup>
  <ItemGroup>
    <ResourceCompile Include="Al_Aqsa_Mosque.rc">
      <Filter>Resource Files</Filter>
    </ResourceCompile>
  </ItemGroup>
  <ItemGroup>
    <Image Include="assets\materials\icon.ico">
      <Filter>Resource Files</Filter>
    </Image>
  </ItemGroup>
  <ItemGroup>
    <ClCompile Include="src\3DTexture.cpp" />
    <ClCompile Include="src\AlQibliMosqueDrawer.cpp" />
    <ClCompile Include="src\Box.cpp" />
    <ClCompile Include="src\Camera.cpp" />
    <ClCompile Include="src\Color.cpp" />
    <ClCompile Include="src\Console.cpp" />
    <ClCompile Include="src\Constraints.cpp" />
    <ClCompile Include="src\Cylinder.cpp" />
    <ClCompile Include="src\DomeOfTheRock.cpp" />
    <ClCompile Include="src\EnvDrawer.cpp" />
    <ClCompile Include="src\math3d.cpp" />
    <ClCompile Include="src\Model_3DS.cpp" />
    <ClCompile Include="src\MosqueDrawer.cpp" />
    <ClCompile Include="src\PersonDrawer.cpp" />
    <ClCompile Include="src\Point.cpp" />
    <ClCompile Include="src\PrimitiveDrawer.cpp" />
    <ClCompile Include="src\Sound.cpp" />
    <ClCompile Include="src\Source.cpp" />
    <ClCompile Include="src\Sphere.cpp" />
    <ClCompile Include="src\StdAfx.cpp" />
    <ClCompile Include="src\Texture.cpp" />
    <ClCompile Include="src\Wave.cpp" />
  </ItemGroup>
</Project>